# Generated by pub
# See https://dart.dev/tools/pub/glossary#lockfile
packages:
  ansicolor:
    dependency: "direct main"
    description:
      name: ansicolor
      url: "https://pub.dartlang.org"
    source: hosted
    version: "2.0.1"
  lints:
    dependency: "direct dev"
    description:
      name: lints
      url: "https://pub.dartlang.org"
    source: hosted
    version: "1.0.1"
sdks:
  dart: ">=2.16.0 <3.0.0"
